Microsoft Visual Studio Solution File, Format Version 11.00
# Visual Studio 2010
Project("{E097FAD1-6243-4DAD-9C02-E9B9EFC3FFC1}") = "Assembly-CSharp", "Assembly-CSharp.csproj", "{E22C2926-D19B-C98B-4DE2-D1AD5235F860}"
EndProject
Project("{E097FAD1-6243-4DAD-9C02-E9B9EFC3FFC1}") = "Assembly-CSharp-Editor-firstpass", "Assembly-CSharp-Editor-firstpass.csproj", "{AB81F561-CBC1-38A7-6CF2-06FD1DFE8791}"
EndProject
Project("{E097FAD1-6243-4DAD-9C02-E9B9EFC3FFC1}") = "Assembly-CSharp-Editor", "Assembly-CSharp-Editor.csproj", "{2EABD863-7245-C49E-02A2-5C8F079CCAAB}"
EndProject
Global
	GlobalSection(SolutionConfigurationPlatforms) = preSolution
		Debug|Any CPU = Debug|Any CPU
		Release|Any CPU = Release|Any CPU
	EndGlobalSection
	GlobalSection(ProjectConfigurationPlatforms) = postSolution
		{E22C2926-D19B-C98B-4DE2-D1AD5235F860}.Debug|Any CPU.ActiveCfg = Debug|Any CPU
		{E22C2926-D19B-C98B-4DE2-D1AD5235F860}.Debug|Any CPU.Build.0 = Debug|Any CPU
		{E22C2926-D19B-C98B-4DE2-D1AD5235F860}.Release|Any CPU.ActiveCfg = Release|Any CPU
		{E22C2926-D19B-C98B-4DE2-D1AD5235F860}.Release|Any CPU.Build.0 = Release|Any CPU
		{AB81F561-CBC1-38A7-6CF2-06FD1DFE8791}.Debug|Any CPU.ActiveCfg = Debug|Any CPU
		{AB81F561-CBC1-38A7-6CF2-06FD1DFE8791}.Debug|Any CPU.Build.0 = Debug|Any CPU
		{AB81F561-CBC1-38A7-6CF2-06FD1DFE8791}.Release|Any CPU.ActiveCfg = Release|Any CPU
		{AB81F561-CBC1-38A7-6CF2-06FD1DFE8791}.Release|Any CPU.Build.0 = Release|Any CPU
		{2EABD863-7245-C49E-02A2-5C8F079CCAAB}.Debug|Any CPU.ActiveCfg = Debug|Any CPU
		{2EABD863-7245-C49E-02A2-5C8F079CCAAB}.Debug|Any CPU.Build.0 = Debug|Any CPU
		{2EABD863-7245-C49E-02A2-5C8F079CCAAB}.Release|Any CPU.ActiveCfg = Release|Any CPU
		{2EABD863-7245-C49E-02A2-5C8F079CCAAB}.Release|Any CPU.Build.0 = Release|Any CPU
	EndGlobalSection
	GlobalSection(SolutionProperties) = preSolution
		HideSolutionNode = FALSE
	EndGlobalSection
	GlobalSection(MonoDevelopProperties) = preSolution
		StartupItem = Assembly-CSharp.csproj
	EndGlobalSection
EndGlobal
